version: 6
environments:
  default:
    channels:
    - url: https://conda.anaconda.org/conda-forge/
    - url: https://conda.anaconda.org/bioconda/
    options:
      pypi-prerelease-mode: if-necessary-or-explicit
    packages:
      linux-64:
      - conda: https://conda.anaconda.org/conda-forge/linux-64/_openmp_mutex-4.5-20_gnu.conda
      - conda: https://conda.anaconda.org/conda-forge/linux-64/bzip2-1.0.8-hda65f42_10.conda
      - conda: https://conda.anaconda.org/conda-forge/noarch/ca-certificates-2026.7.22-hbd8a1cb_0.conda
      - conda: https://conda.anaconda.org/conda-forge/linux-64/icu-73.2-h59595ed_0.conda
      - conda: https://conda.anaconda.org/conda-forge/linux-64/ld_impl_linux-64-2.46.1-bootstrap_ha15bf96_2.conda
      - conda: https://conda.anaconda.org/conda-forge/linux-64/libboost-1.85.0-hba137d9_2.conda
      - conda: https://conda.anaconda.org/conda-forge/linux-64/libffi-3.2.1-he1b5a44_1007.tar.bz2
      - conda: https://conda.anaconda.org/conda-forge/linux-64/libgcc-16.2.0-ha9f2e26_7.conda
      - conda: https://conda.anaconda.org/conda-forge/linux-64/libgcc-ng-16.2.0-h69a702a_7.conda
      - conda: https://conda.anaconda.org/conda-forge/linux-64/libgomp-16.2.0-he0feb66_7.conda
      - conda: https://conda.anaconda.org/conda-forge/linux-64/liblzma-5.8.3-hb03c661_1.conda
      - conda: https://conda.anaconda.org/conda-forge/linux-64/liblzma-devel-5.8.3-hb03c661_1.conda
      - conda: https://conda.anaconda.org/conda-forge/linux-64/libsqlite-3.46.0-hde9e2c9_0.conda
      - conda: https://conda.anaconda.org/conda-forge/linux-64/libstdcxx-16.2.0-h934c35e_7.conda
      - conda: https://conda.anaconda.org/conda-forge/linux-64/libstdcxx-ng-16.2.0-hdf11a46_7.conda
      - conda: https://conda.anaconda.org/conda-forge/linux-64/libzlib-1.2.13-h4ab18f5_6.conda
      - conda: https://conda.anaconda.org/bioconda/linux-64/manta-1.6.0-py27h9948957_6.tar.bz2
      - conda: https://conda.anaconda.org/conda-forge/linux-64/ncurses-6.6-hdb14827_1.conda
      - conda: https://conda.anaconda.org/conda-forge/linux-64/openssl-1.1.1w-hd590300_0.conda
      - conda: https://conda.anaconda.org/conda-forge/linux-64/python-2.7.15-h5a48372_1011_cpython.tar.bz2
      - conda: https://conda.anaconda.org/conda-forge/linux-64/python_abi-2.7-1_cp27mu.tar.bz2
      - conda: https://conda.anaconda.org/conda-forge/linux-64/readline-8.3-hd6e31c0_1.conda
      - conda: https://conda.anaconda.org/conda-forge/linux-64/sqlite-3.46.0-h6d4b2fc_0.conda
      - conda: https://conda.anaconda.org/conda-forge/linux-64/tk-8.6.13-noxft_h4845f30_101.conda
      - conda: https://conda.anaconda.org/conda-forge/linux-64/xz-5.8.3-ha02ee65_1.conda
      - conda: https://conda.anaconda.org/conda-forge/linux-64/xz-gpl-tools-5.8.3-ha02ee65_1.conda
      - conda: https://conda.anaconda.org/conda-forge/linux-64/xz-tools-5.8.3-hb03c661_1.conda
      - conda: https://conda.anaconda.org/conda-forge/linux-64/zlib-1.2.13-h4ab18f5_6.conda
      - conda: https://conda.anaconda.org/conda-forge/linux-64/zstd-1.5.6-ha6fb4c9_0.conda
packages:
- conda: https://conda.anaconda.org/conda-forge/linux-64/_openmp_mutex-4.5-20_gnu.conda
  build_number: 20
  sha256: 1dd3fffd892081df9726d7eb7e0dea6198962ba775bd88842135a4ddb4deb3c9
  md5: a9f577daf3de00bca7c3c76c0ecbd1de
  depends:
  - __glibc >=2.17,<3.0.a0
  - libgomp >=7.5.0
  constrains:
  - openmp_impl <0.0a0
  license: BSD-3-Clause
  license_family: BSD
  size: 28948
  timestamp: 1770939786096
- conda: https://conda.anaconda.org/conda-forge/linux-64/bzip2-1.0.8-hda65f42_10.conda
  sha256: 1a0d382c515ebf55f8ee1f38c8b81bc95af5c2acc42ad53b66bc5df932032f96
  md5: e675fabcf81499adc7edf58124fb1e01
  depends:
  - __glibc >=2.17,<3.0.a0
  - libgcc >=14
  license: bzip2-1.0.6
  license_family: BSD
  size: 257808
  timestamp: 1785906269155
- conda: https://conda.anaconda.org/conda-forge/noarch/ca-certificates-2026.7.22-hbd8a1cb_0.conda
  sha256: 0a0544cf95f64394fe4959286f5c71f5444ad58feb0602e53becb27448d24da6
  md5: 0f51e2391ade309db462a55611263e9c
  depends:
  - __unix
  license: ISC
  size: 131780
  timestamp: 1784754889428
- conda: https://conda.anaconda.org/conda-forge/linux-64/icu-73.2-h59595ed_0.conda
  sha256: e12fd90ef6601da2875ebc432452590bc82a893041473bc1c13ef29001a73ea8
  md5: cc47e1facc155f91abd89b11e48e72ff
  depends:
  - libgcc-ng >=12
  - libstdcxx-ng >=12
  license: MIT
  license_family: MIT
  size: 12089150
  timestamp: 1692900650789
- conda: https://conda.anaconda.org/conda-forge/linux-64/ld_impl_linux-64-2.46.1-bootstrap_ha15bf96_2.conda
  sha256: 87a2158a8f16f8082f8d57282ef8f7b56dee8647b95919948cf03df91574edeb
  md5: 2c238120d4d57c422d6671036eae76a8
  depends:
  - __glibc >=2.17,<3.0.a0
  constrains:
  - binutils_impl_linux-64 2.46.1
  license: GPL-3.0-only
  license_family: GPL
  size: 744588
  timestamp: 1784214414025
- conda: https://conda.anaconda.org/conda-forge/linux-64/libboost-1.85.0-hba137d9_2.conda
  sha256: b87721465cf1c7fd6d3ecb27dceea896768b7139dabf445b6fe4a09cff71a8a8
  md5: 8f960555f785a42b3853b944ccb9ded7
  depends:
  - bzip2 >=1.0.8,<2.0a0
  - icu >=73.2,<74.0a0
  - libgcc-ng >=12
  - libstdcxx-ng >=12
  - libzlib >=1.2.13,<2.0a0
  - xz >=5.2.6,<6.0a0
  - zstd >=1.5.6,<1.6.0a0
  constrains:
  - boost-cpp =1.85.0
  license: BSL-1.0
  size: 2908828
  timestamp: 1719279275858
- conda: https://conda.anaconda.org/conda-forge/linux-64/libffi-3.2.1-he1b5a44_1007.tar.bz2
  sha256: 992246df63724484e9ee8652ce3ca0237f707961beab8b813096bbc647cf84f4
  md5: 11389072d7d6036fd811c3d9460475cd
  depends:
  - libgcc-ng >=7.3.0
  - libstdcxx-ng >=7.3.0
  license: Custom
  size: 48003
  timestamp: 1584559351227
- conda: https://conda.anaconda.org/conda-forge/linux-64/libgcc-16.2.0-ha9f2e26_7.conda
  sha256: e031634c3a928f9594eba868bc46ef5230d6571a364a0c63215b06c4563bfcea
  md5: 735629b400b70eeab21a2ba8f5b1c2ce
  depends:
  - __glibc >=2.17,<3.0.a0
  - _openmp_mutex >=4.5
  constrains:
  - libgcc-ng ==16.2.0=*_7
  - libgomp 16.2.0 he0feb66_7
  license: GPL-3.0-only WITH GCC-exception-3.1
  license_family: GPL
  size: 1058444
  timestamp: 1790303109576
- conda: https://conda.anaconda.org/conda-forge/linux-64/libgcc-ng-16.2.0-h69a702a_7.conda
  sha256: 03b54d7008de080a17cc2174b0e4acd6d06e1c981b2eb19846f46d8f59966034
  md5: 2005515ac9340f816fb2ac7e83afe553
  depends:
  - libgcc 16.2.0 ha9f2e26_7
  license: GPL-3.0-only WITH GCC-exception-3.1
  license_family: GPL
  size: 28616
  timestamp: 1790303114248
- conda: https://conda.anaconda.org/conda-forge/linux-64/libgomp-16.2.0-he0feb66_7.conda
  sha256: 92a0bb350c7be6a4eedcb4e111c60aefd176018e6b1c009a6e025dbe9bbcd758
  md5: d904c7ddd95e026254b4b80808ee9e12
  depends:
  - __glibc >=2.17,<3.0.a0
  license: GPL-3.0-only WITH GCC-exception-3.1
  license_family: GPL
  size: 640566
  timestamp: 1790303046034
- conda: https://conda.anaconda.org/conda-forge/linux-64/liblzma-5.8.3-hb03c661_1.conda
  sha256: 9787df8c22a59c9a70d3e5a10db9ad663485e75e9ccc3f09bd092cb7b95e0dab
  md5: 1390b7c5ac0b1d8e447bc5efa6d3c8c2
  depends:
  - __glibc >=2.17,<3.0.a0
  - libgcc >=14
  constrains:
  - xz 5.8.3.*
  license: 0BSD
  size: 112995
  timestamp: 1786348617826
- conda: https://conda.anaconda.org/conda-forge/linux-64/liblzma-devel-5.8.3-hb03c661_1.conda
  sha256: adef6e8b60afb684110b06b5310977c6836e1c923ce3ec199f45c0f000b42f20
  md5: 6d83d6a332c19424e9e66b69b180ec11
  depends:
  - __glibc >=2.17,<3.0.a0
  - libgcc >=14
  - liblzma 5.8.3 hb03c661_1
  license: 0BSD
  size: 491970
  timestamp: 1786348627135
- conda: https://conda.anaconda.org/conda-forge/linux-64/libsqlite-3.46.0-hde9e2c9_0.conda
  sha256: daee3f68786231dad457d0dfde3f7f1f9a7f2018adabdbb864226775101341a8
  md5: 18aa975d2094c34aef978060ae7da7d8
  depends:
  - libgcc-ng >=12
  - libzlib >=1.2.13,<2.0a0
  license: Unlicense
  size: 865346
  timestamp: 1718050628718
- conda: https://conda.anaconda.org/conda-forge/linux-64/libstdcxx-16.2.0-h934c35e_7.conda
  sha256: fa7018298629fc429971fffd6ecba3d27a7b02e4e890d6a93ea01ffebe8cb745
  md5: 9b6707e0caca917fa6ea9ee473f37a5d
  depends:
  - __glibc >=2.17,<3.0.a0
  - libgcc 16.2.0 ha9f2e26_7
  constrains:
  - libstdcxx-ng ==16.2.0=*_7
  license: GPL-3.0-only WITH GCC-exception-3.1
  license_family: GPL
  size: 6615436
  timestamp: 1790303132935
- conda: https://conda.anaconda.org/conda-forge/linux-64/libstdcxx-ng-16.2.0-hdf11a46_7.conda
  sha256: 337f481db36cc357884f05f404ccd1b3a7e0fc1ee48ec5c884e4281d213bc863
  md5: 25a23bde5e26d548374f3e02b4669670
  depends:
  - libstdcxx 16.2.0 h934c35e_7
  license: GPL-3.0-only WITH GCC-exception-3.1
  license_family: GPL
  size: 28665
  timestamp: 1790303164510
- conda: https://conda.anaconda.org/conda-forge/linux-64/libzlib-1.2.13-h4ab18f5_6.conda
  sha256: 8ced4afed6322172182af503f21725d072a589a6eb918f8a58135c1e00d35980
  md5: 27329162c0dc732bcf67a4e0cd488125
  depends:
  - libgcc-ng >=12
  constrains:
  - zlib 1.2.13 *_6
  license: Zlib
  license_family: Other
  size: 61571
  timestamp: 1716874066944
- conda: https://conda.anaconda.org/bioconda/linux-64/manta-1.6.0-py27h9948957_6.tar.bz2
  sha256: cc33504b6c41ed9f634ba50b414702dca1ffe342886388217daa66e44ceb5366
  md5: 08512309ad0907d571c044381ec0d102
  depends:
  - libboost
  - libgcc >=13
  - libstdcxx >=13
  - python >=2.7,<2.8.0a0
  - python_abi 2.7.* *_cp27mu
  license: GPL-3.0-only
  size: 33040003
  timestamp: 1738674917676
- conda: https://conda.anaconda.org/conda-forge/linux-64/ncurses-6.6-hdb14827_1.conda
  sha256: 5d46557214ed184381dafe835b7c94a474a1c3b307a08a250b1ea4779b44ffb3
  md5: ee6c0cd80a60961a1f48aa3e0b91f986
  depends:
  - __glibc >=2.17,<3.0.a0
  - libgcc >=14
  license: X11 AND BSD-3-Clause
  size: 911196
  timestamp: 1786355078102
- conda: https://conda.anaconda.org/conda-forge/linux-64/openssl-1.1.1w-hd590300_0.conda
  sha256: 4fe19885c77f0758084feb54954bd1977dfeeab7134fba0a1d9c0cfff821d6bd
  md5: 301e70057a3bd399640bb16bbdf87995
  depends:
  - ca-certificates
  - libgcc-ng >=12
  license: OpenSSL
  license_family: Apache
  size: 1956010
  timestamp: 1694461292959
- conda: https://conda.anaconda.org/conda-forge/linux-64/python-2.7.15-h5a48372_1011_cpython.tar.bz2
  build_number: 1011
  sha256: 1aab076b979046983a74d10b890dc4534eaedcc08a6e2f4e7fb16cc4a05e02e0
  md5: d1824ac0987155f58a03b7ffda01db38
  depends:
  - ld_impl_linux-64
  - libffi >=3.2.1,<3.3.0a0
  - libgcc-ng >=7.3.0
  - libstdcxx-ng >=7.3.0
  - openssl >=1.1.1a,<1.1.2a
  - readline >=8.0,<9.0a0
  - sqlite >=3.30.1,<4.0a0
  - tk >=8.6.10,<8.7.0a0
  - zlib >=1.2.11,<1.3.0a0
  constrains:
  - python_abi 2.7.* *_cp27mu
  - python_abi * *_cp27mu
  license: PSF
  size: 12786925
  timestamp: 1583420245648
- conda: https://conda.anaconda.org/conda-forge/linux-64/python_abi-2.7-1_cp27mu.tar.bz2
  build_number: 1
  sha256: c42da0c09f4afe9f781e68b3af499a52a71d0f1c7dabb79d461d8c01564f77d3
  md5: 02d6ad6bce3a798e6ee85494cd9b3d8d
  depends:
  - python 2.7.*
  constrains:
  - pypy <0a0
  - python_abi * *_cp27mu
  license: BSD-3-Clause
  license_family: BSD
  size: 3779
  timestamp: 1583344653600
- conda: https://conda.anaconda.org/conda-forge/linux-64/readline-8.3-hd6e31c0_1.conda
  sha256: 01b3fe073a66e321970d09e04b388708f8cbdca5cdfbfcb7c9eeb470ad10383d
  md5: 69c01c781e7c8190bbdaf79e3848c5ca
  depends:
  - __glibc >=2.17,<3.0.a0
  - libgcc >=15
  - ncurses >=6.6,<7.0a0
  license: GPL-3.0-only
  license_family: GPL
  size: 348899
  timestamp: 1787033801506
- conda: https://conda.anaconda.org/conda-forge/linux-64/sqlite-3.46.0-h6d4b2fc_0.conda
  sha256: e849d576e52bf3e6fc5786f89b7d76978f2e2438587826c95570324cb572e52b
  md5: 77ea8dff5cf8550cc8f5629a6af56323
  depends:
  - libgcc-ng >=12
  - libsqlite 3.46.0 hde9e2c9_0
  - libzlib >=1.2.13,<2.0a0
  - ncurses >=6.5,<7.0a0
  - readline >=8.2,<9.0a0
  license: Unlicense
  size: 860352
  timestamp: 1718050658212
- conda: https://conda.anaconda.org/conda-forge/linux-64/tk-8.6.13-noxft_h4845f30_101.conda
  sha256: e0569c9caa68bf476bead1bed3d79650bb080b532c64a4af7d8ca286c08dea4e
  md5: d453b98d9c83e71da0741bb0ff4d76bc
  depends:
  - libgcc-ng >=12
  - libzlib >=1.2.13,<2.0.0a0
  license: TCL
  license_family: BSD
  size: 3318875
  timestamp: 1699202167581
- conda: https://conda.anaconda.org/conda-forge/linux-64/xz-5.8.3-ha02ee65_1.conda
  sha256: 547b2392d8f7b76efd4a0970946f6da2a1136ad5fe3dc936af81e02eb7181076
  md5: 36a079606b3aaf9d726211825f182452
  depends:
  - __glibc >=2.17,<3.0.a0
  - libgcc >=14
  - liblzma 5.8.3 hb03c661_1
  - liblzma-devel 5.8.3 hb03c661_1
  - xz-gpl-tools 5.8.3 ha02ee65_1
  - xz-tools 5.8.3 hb03c661_1
  license: 0BSD AND LGPL-2.1-or-later AND GPL-2.0-or-later
  size: 23610
  timestamp: 1786348658246
- conda: https://conda.anaconda.org/conda-forge/linux-64/xz-gpl-tools-5.8.3-ha02ee65_1.conda
  sha256: ed6dbec5e4f0f71e7ac629b90dc4c9fba38d194cc88eab891c29e461b408977a
  md5: 137db930adb0b3c5407485e0e1a50cfa
  depends:
  - __glibc >=2.17,<3.0.a0
  - libgcc >=14
  - liblzma 5.8.3 hb03c661_1
  constrains:
  - xz 5.8.3.*
  license: 0BSD AND LGPL-2.1-or-later AND GPL-2.0-or-later
  size: 40118
  timestamp: 1786348648882
- conda: https://conda.anaconda.org/conda-forge/linux-64/xz-tools-5.8.3-hb03c661_1.conda
  sha256: c74fa3eddd3ea648456517948f85068d8a07acad7752fd83c7e95b6cebb7114a
  md5: 10d693a2db6e8339e4eebcb3a3dae88d
  depends:
  - __glibc >=2.17,<3.0.a0
  - libgcc >=14
  - liblzma 5.8.3 hb03c661_1
  constrains:
  - xz 5.8.3.*
  license: 0BSD AND LGPL-2.1-or-later
  size: 96459
  timestamp: 1786348637686
- conda: https://conda.anaconda.org/conda-forge/linux-64/zlib-1.2.13-h4ab18f5_6.conda
  sha256: 534824ea44939f3e59ca8ebb95e3ece6f50f9d2a0e69999fbc692311252ed6ac
  md5: 559d338a4234c2ad6e676f460a093e67
  depends:
  - libgcc-ng >=12
  - libzlib 1.2.13 h4ab18f5_6
  license: Zlib
  license_family: Other
  size: 92883
  timestamp: 1716874088980
- conda: https://conda.anaconda.org/conda-forge/linux-64/zstd-1.5.6-ha6fb4c9_0.conda
  sha256: c558b9cc01d9c1444031bd1ce4b9cff86f9085765f17627a6cd85fc623c8a02b
  md5: 4d056880988120e29d75bfff282e0f45
  depends:
  - libgcc-ng >=12
  - libstdcxx-ng >=12
  - libzlib >=1.2.13,<2.0.0a0
  license: BSD-3-Clause
  license_family: BSD
  size: 554846
  timestamp: 1714722996770
